
Microsoft Visual Studio Solution File, Format Version 12.00
# Visual Studio Version 16
VisualStudioVersion = 16.0.29806.167
MinimumVisualStudioVersion = 10.0.40219.1
Project("{9A19103F-16F7-4668-BE54-9A1E7A4F7556}") = "ocPOC", "ocPOC\ocPOC.csproj", "{0AB86B00-7E4C-4467-88E8-DACC681F89AE}"
EndProject
Project("{2150E333-8FDC-42A3-9474-1A3956D46DE8}") = "src", "src", "{E4DF85AC-E1FF-455D-A9C1-4AE4CA75D1B1}"
EndProject
Project("{2150E333-8FDC-42A3-9474-1A3956D46DE8}") = "Web.API", "Web.API", "{773270C2-2271-4778-A722-CDCCAFA550D3}"
EndProject
Project("{2150E333-8FDC-42A3-9474-1A3956D46DE8}") = "Web.Client", "Web.Client", "{4CBA77C6-343E-4E21-ABA6-07F38CBA4F57}"
EndProject
Project("{2150E333-8FDC-42A3-9474-1A3956D46DE8}") = "tests", "tests", "{2F3EF530-AE14-4154-8B4B-A23F27293810}"
EndProject
Project("{9A19103F-16F7-4668-BE54-9A1E7A4F7556}") = "NatixisOC", "NatixisOC\NatixisOC.csproj", "{5FB69137-7EA9-45E6-BD88-C2CD810B0821}"
EndProject
Project("{9A19103F-16F7-4668-BE54-9A1E7A4F7556}") = "OC.Core", "OC.Core\OC.Core.csproj", "{10746294-0308-4903-BFC2-968BF9F1A78A}"
EndProject
Project("{9A19103F-16F7-4668-BE54-9A1E7A4F7556}") = "OC.Services", "OC.Services\OC.Services.csproj", "{EE36598D-3939-43C1-8C37-B61156738560}"
EndProject
Project("{9A19103F-16F7-4668-BE54-9A1E7A4F7556}") = "OC.Data", "OC.Data\OC.Data.csproj", "{1231F94F-C13E-4978-B7A3-CBAE80E73456}"
EndProject
Project("{9A19103F-16F7-4668-BE54-9A1E7A4F7556}") = "OC.Data.MongoDB", "OC.Data.MongoDB\OC.Data.MongoDB.csproj", "{930E5D33-F576-4D5A-9315-1AAC42C277A4}"
EndProject
Project("{2150E333-8FDC-42A3-9474-1A3956D46DE8}") = "CopartisOC", "CopartisOC", "{3B86709C-2672-4B01-8A8E-92A1AB621A08}"
EndProject
Project("{2150E333-8FDC-42A3-9474-1A3956D46DE8}") = "src", "src", "{0EDFA682-ACA2-4128-836C-9FF52BACE40D}"
EndProject
Project("{FAE04EC0-301F-11D3-BF4B-00C04F79EFBC}") = "CopartisOC.Domain", "CopartisOC.Domain\CopartisOC.Domain.csproj", "{AD2C40EE-6B28-48CD-81C6-9E95419BF7EB}"
EndProject
Project("{2150E333-8FDC-42A3-9474-1A3956D46DE8}") = "test", "test", "{C7F692B8-F87E-4256-BBC2-774C4E5D27C0}"
EndProject
Project("{FAE04EC0-301F-11D3-BF4B-00C04F79EFBC}") = "CopartisOC.Domain.Test", "CopartisOC.Domain.Test\CopartisOC.Domain.Test.csproj", "{E72F4913-CC90-4C1C-BD42-A0A8BB37169C}"
EndProject
Project("{FAE04EC0-301F-11D3-BF4B-00C04F79EFBC}") = "CopartisOC.Domain.Tests", "CopartisOC.Domain.Tests\CopartisOC.Domain.Tests.csproj", "{846576AD-44EC-4384-B070-F934E66326F7}"
EndProject
Global
	GlobalSection(SolutionConfigurationPlatforms) = preSolution
		Debug|Any CPU = Debug|Any CPU
		Release|Any CPU = Release|Any CPU
	EndGlobalSection
	GlobalSection(ProjectConfigurationPlatforms) = postSolution
		{0AB86B00-7E4C-4467-88E8-DACC681F89AE}.Debug|Any CPU.ActiveCfg = Debug|Any CPU
		{0AB86B00-7E4C-4467-88E8-DACC681F89AE}.Debug|Any CPU.Build.0 = Debug|Any CPU
		{0AB86B00-7E4C-4467-88E8-DACC681F89AE}.Release|Any CPU.ActiveCfg = Release|Any CPU
		{0AB86B00-7E4C-4467-88E8-DACC681F89AE}.Release|Any CPU.Build.0 = Release|Any CPU
		{5FB69137-7EA9-45E6-BD88-C2CD810B0821}.Debug|Any CPU.ActiveCfg = Debug|Any CPU
		{5FB69137-7EA9-45E6-BD88-C2CD810B0821}.Debug|Any CPU.Build.0 = Debug|Any CPU
		{5FB69137-7EA9-45E6-BD88-C2CD810B0821}.Release|Any CPU.ActiveCfg = Release|Any CPU
		{5FB69137-7EA9-45E6-BD88-C2CD810B0821}.Release|Any CPU.Build.0 = Release|Any CPU
		{10746294-0308-4903-BFC2-968BF9F1A78A}.Debug|Any CPU.ActiveCfg = Debug|Any CPU
		{10746294-0308-4903-BFC2-968BF9F1A78A}.Debug|Any CPU.Build.0 = Debug|Any CPU
		{10746294-0308-4903-BFC2-968BF9F1A78A}.Release|Any CPU.ActiveCfg = Release|Any CPU
		{10746294-0308-4903-BFC2-968BF9F1A78A}.Release|Any CPU.Build.0 = Release|Any CPU
		{EE36598D-3939-43C1-8C37-B61156738560}.Debug|Any CPU.ActiveCfg = Debug|Any CPU
		{EE36598D-3939-43C1-8C37-B61156738560}.Debug|Any CPU.Build.0 = Debug|Any CPU
		{EE36598D-3939-43C1-8C37-B61156738560}.Release|Any CPU.ActiveCfg = Release|Any CPU
		{EE36598D-3939-43C1-8C37-B61156738560}.Release|Any CPU.Build.0 = Release|Any CPU
		{1231F94F-C13E-4978-B7A3-CBAE80E73456}.Debug|Any CPU.ActiveCfg = Debug|Any CPU
		{1231F94F-C13E-4978-B7A3-CBAE80E73456}.Debug|Any CPU.Build.0 = Debug|Any CPU
		{1231F94F-C13E-4978-B7A3-CBAE80E73456}.Release|Any CPU.ActiveCfg = Release|Any CPU
		{1231F94F-C13E-4978-B7A3-CBAE80E73456}.Release|Any CPU.Build.0 = Release|Any CPU
		{930E5D33-F576-4D5A-9315-1AAC42C277A4}.Debug|Any CPU.ActiveCfg = Debug|Any CPU
		{930E5D33-F576-4D5A-9315-1AAC42C277A4}.Debug|Any CPU.Build.0 = Debug|Any CPU
		{930E5D33-F576-4D5A-9315-1AAC42C277A4}.Release|Any CPU.ActiveCfg = Release|Any CPU
		{930E5D33-F576-4D5A-9315-1AAC42C277A4}.Release|Any CPU.Build.0 = Release|Any CPU
		{AD2C40EE-6B28-48CD-81C6-9E95419BF7EB}.Debug|Any CPU.ActiveCfg = Debug|Any CPU
		{AD2C40EE-6B28-48CD-81C6-9E95419BF7EB}.Debug|Any CPU.Build.0 = Debug|Any CPU
		{AD2C40EE-6B28-48CD-81C6-9E95419BF7EB}.Release|Any CPU.ActiveCfg = Release|Any CPU
		{AD2C40EE-6B28-48CD-81C6-9E95419BF7EB}.Release|Any CPU.Build.0 = Release|Any CPU
		{E72F4913-CC90-4C1C-BD42-A0A8BB37169C}.Debug|Any CPU.ActiveCfg = Debug|Any CPU
		{E72F4913-CC90-4C1C-BD42-A0A8BB37169C}.Debug|Any CPU.Build.0 = Debug|Any CPU
		{E72F4913-CC90-4C1C-BD42-A0A8BB37169C}.Release|Any CPU.ActiveCfg = Release|Any CPU
		{E72F4913-CC90-4C1C-BD42-A0A8BB37169C}.Release|Any CPU.Build.0 = Release|Any CPU
		{846576AD-44EC-4384-B070-F934E66326F7}.Debug|Any CPU.ActiveCfg = Debug|Any CPU
		{846576AD-44EC-4384-B070-F934E66326F7}.Debug|Any CPU.Build.0 = Debug|Any CPU
		{846576AD-44EC-4384-B070-F934E66326F7}.Release|Any CPU.ActiveCfg = Release|Any CPU
		{846576AD-44EC-4384-B070-F934E66326F7}.Release|Any CPU.Build.0 = Release|Any CPU
	EndGlobalSection
	GlobalSection(SolutionProperties) = preSolution
		HideSolutionNode = FALSE
	EndGlobalSection
	GlobalSection(NestedProjects) = preSolution
		{773270C2-2271-4778-A722-CDCCAFA550D3} = {E4DF85AC-E1FF-455D-A9C1-4AE4CA75D1B1}
		{4CBA77C6-343E-4E21-ABA6-07F38CBA4F57} = {E4DF85AC-E1FF-455D-A9C1-4AE4CA75D1B1}
		{5FB69137-7EA9-45E6-BD88-C2CD810B0821} = {773270C2-2271-4778-A722-CDCCAFA550D3}
		{10746294-0308-4903-BFC2-968BF9F1A78A} = {773270C2-2271-4778-A722-CDCCAFA550D3}
		{EE36598D-3939-43C1-8C37-B61156738560} = {773270C2-2271-4778-A722-CDCCAFA550D3}
		{1231F94F-C13E-4978-B7A3-CBAE80E73456} = {773270C2-2271-4778-A722-CDCCAFA550D3}
		{930E5D33-F576-4D5A-9315-1AAC42C277A4} = {773270C2-2271-4778-A722-CDCCAFA550D3}
		{0EDFA682-ACA2-4128-836C-9FF52BACE40D} = {3B86709C-2672-4B01-8A8E-92A1AB621A08}
		{AD2C40EE-6B28-48CD-81C6-9E95419BF7EB} = {0EDFA682-ACA2-4128-836C-9FF52BACE40D}
		{C7F692B8-F87E-4256-BBC2-774C4E5D27C0} = {3B86709C-2672-4B01-8A8E-92A1AB621A08}
		{E72F4913-CC90-4C1C-BD42-A0A8BB37169C} = {C7F692B8-F87E-4256-BBC2-774C4E5D27C0}
		{846576AD-44EC-4384-B070-F934E66326F7} = {C7F692B8-F87E-4256-BBC2-774C4E5D27C0}
	EndGlobalSection
	GlobalSection(ExtensibilityGlobals) = postSolution
		SolutionGuid = {4C4E28F5-EE09-4619-A201-4E200C7BE3C0}
	EndGlobalSection
EndGlobal
